
Microsoft Visual Studio Solution File, Format Version 12.00
# Visual Studio 15
VisualStudioVersion = 15.0.27428.2037
MinimumVisualStudioVersion = 10.0.40219.1
Project("{FAE04EC0-301F-11D3-BF4B-00C04F79EFBC}") = "SistemaBuffet", "WebApplication2\SistemaBuffet.csproj", "{82803247-CD8A-4CE4-8382-72C8F5D6ACF7}"
EndProject
Global
	GlobalSection(SolutionConfigurationPlatforms) = preSolution
		Debug|Any CPU = Debug|Any CPU
		Release|Any CPU = Release|Any CPU
	EndGlobalSection
	GlobalSection(ProjectConfigurationPlatforms) = postSolution
		{82803247-CD8A-4CE4-8382-72C8F5D6ACF7}.Debug|Any CPU.ActiveCfg = Debug|Any CPU
		{82803247-CD8A-4CE4-8382-72C8F5D6ACF7}.Debug|Any CPU.Build.0 = Debug|Any CPU
		{82803247-CD8A-4CE4-8382-72C8F5D6ACF7}.Release|Any CPU.ActiveCfg = Release|Any CPU
		{82803247-CD8A-4CE4-8382-72C8F5D6ACF7}.Release|Any CPU.Build.0 = Release|Any CPU
	EndGlobalSection
	GlobalSection(SolutionProperties) = preSolution
		HideSolutionNode = FALSE
	EndGlobalSection
	GlobalSection(ExtensibilityGlobals) = postSolution
		SolutionGuid = {607F4A09-DCFB-4EE2-9749-A2BD28469FF2}
	EndGlobalSection
EndGlobal
